
Microsoft Visual Studio Solution File, Format Version 12.00
# Visual Studio Version 17
VisualStudioVersion = 17.14.36518.9
MinimumVisualStudioVersion = 10.0.40219.1
Project("{2150E333-8FDC-42A3-9474-1A3956D46DE8}") = "src", "src", "{02EA681E-C7D8-13C7-8484-4AC65E1B71E8}"
EndProject
Project("{2150E333-8FDC-42A3-9474-1A3956D46DE8}") = "__SolutionItems", "__SolutionItems", "{D8776BCD-5DE5-4792-B826-1E2B9A54B742}"
	ProjectSection(SolutionItems) = preProject
		.editorconfig = .editorconfig
		Directory.Build.props = Directory.Build.props
		LICENSE.txt = LICENSE.txt
		README.md = README.md
	EndProjectSection
EndProject
Project("{2150E333-8FDC-42A3-9474-1A3956D46DE8}") = "samples", "samples", "{51F6A151-AB05-46E1-A96A-F8CC9990938E}"
EndProject
Project("{FAE04EC0-301F-11D3-BF4B-00C04F79EFBC}") = "ModCaches.ExtendedDistributedCache", "src\ModCaches.ExtendedDistributedCache\ModCaches.ExtendedDistributedCache.csproj", "{A38C05EB-A3DB-0D9F-EBBA-C3D957118F0B}"
EndProject
Project("{FAE04EC0-301F-11D3-BF4B-00C04F79EFBC}") = "ShowcaseApi", "samples\ShowcaseApi\ShowcaseApi.csproj", "{7642C070-9616-60B5-01C9-3BCD86C49C5B}"
EndProject
Project("{2150E333-8FDC-42A3-9474-1A3956D46DE8}") = ".github", ".github", "{1237A950-FBBB-4DF8-94C1-BBE0676CF2D1}"
EndProject
Project("{2150E333-8FDC-42A3-9474-1A3956D46DE8}") = "workflows", "workflows", "{60A4055B-1A12-4DCE-ABA5-DC906A3C5BDC}"
	ProjectSection(SolutionItems) = preProject
		.github\workflows\release.yml = .github\workflows\release.yml
	EndProjectSection
EndProject
Project("{FAE04EC0-301F-11D3-BF4B-00C04F79EFBC}") = "ModCaches.Orleans.Server", "src\ModCaches.Orleans.Server\ModCaches.Orleans.Server.csproj", "{03BC90E7-03A7-4666-A123-63ED70E8E3B2}"
EndProject
Project("{FAE04EC0-301F-11D3-BF4B-00C04F79EFBC}") = "ModCaches.Orleans.Client", "src\ModCaches.Orleans.Client\ModCaches.Orleans.Client.csproj", "{833DFFF5-B310-4D87-86A0-C59BCA00931B}"
EndProject
Project("{FAE04EC0-301F-11D3-BF4B-00C04F79EFBC}") = "ModCaches.Orleans.Abstractions", "src\ModCaches.Orleans.Abstractions\ModCaches.Orleans.Abstractions.csproj", "{0726E2CF-2234-4A9F-82EE-5BFC69B177EA}"
EndProject
Project("{2150E333-8FDC-42A3-9474-1A3956D46DE8}") = "tests", "tests", "{B22AB987-E2A7-44BE-BE7D-BE0E82929EBE}"
EndProject
Project("{FAE04EC0-301F-11D3-BF4B-00C04F79EFBC}") = "ModCaches.ExtendedDistributedCache.Tests", "tests\ModCaches.ExtendedDistributedCache.Tests\ModCaches.ExtendedDistributedCache.Tests.csproj", "{D114F66C-5DF5-4825-8F8E-BB9E45361A6B}"
EndProject
Project("{FAE04EC0-301F-11D3-BF4B-00C04F79EFBC}") = "ModCaches.Orleans.Client.Tests", "tests\ModCaches.Orleans.Client.Tests\ModCaches.Orleans.Client.Tests.csproj", "{E6B52647-F3DD-46BC-82E5-323673B970F7}"
EndProject
Project("{FAE04EC0-301F-11D3-BF4B-00C04F79EFBC}") = "ModCaches.Orleans.Server.Tests", "tests\ModCaches.Orleans.Server.Tests\ModCaches.Orleans.Server.Tests.csproj", "{8DE6688F-095E-41DB-BC11-0F9CFB84A6E7}"
EndProject
Project("{2150E333-8FDC-42A3-9474-1A3956D46DE8}") = "docs", "docs", "{7BA935E2-7875-4C76-9A46-68B7E93082BF}"
	ProjectSection(SolutionItems) = preProject
		docs\ExtendedDistributedCache.md = docs\ExtendedDistributedCache.md
		docs\OrleansDistributedCache.md = docs\OrleansDistributedCache.md
		docs\OrleansClusterCache.md = docs\OrleansClusterCache.md
	EndProjectSection
EndProject
Global
	GlobalSection(SolutionConfigurationPlatforms) = preSolution
		Debug|Any CPU = Debug|Any CPU
		Release|Any CPU = Release|Any CPU
	EndGlobalSection
	GlobalSection(ProjectConfigurationPlatforms) = postSolution
		{A38C05EB-A3DB-0D9F-EBBA-C3D957118F0B}.Debug|Any CPU.ActiveCfg = Debug|Any CPU
		{A38C05EB-A3DB-0D9F-EBBA-C3D957118F0B}.Debug|Any CPU.Build.0 = Debug|Any CPU
		{A38C05EB-A3DB-0D9F-EBBA-C3D957118F0B}.Release|Any CPU.ActiveCfg = Release|Any CPU
		{A38C05EB-A3DB-0D9F-EBBA-C3D957118F0B}.Release|Any CPU.Build.0 = Release|Any CPU
		{7642C070-9616-60B5-01C9-3BCD86C49C5B}.Debug|Any CPU.ActiveCfg = Debug|Any CPU
		{7642C070-9616-60B5-01C9-3BCD86C49C5B}.Debug|Any CPU.Build.0 = Debug|Any CPU
		{7642C070-9616-60B5-01C9-3BCD86C49C5B}.Release|Any CPU.ActiveCfg = Release|Any CPU
		{7642C070-9616-60B5-01C9-3BCD86C49C5B}.Release|Any CPU.Build.0 = Release|Any CPU
		{03BC90E7-03A7-4666-A123-63ED70E8E3B2}.Debug|Any CPU.ActiveCfg = Debug|Any CPU
		{03BC90E7-03A7-4666-A123-63ED70E8E3B2}.Debug|Any CPU.Build.0 = Debug|Any CPU
		{03BC90E7-03A7-4666-A123-63ED70E8E3B2}.Release|Any CPU.ActiveCfg = Release|Any CPU
		{03BC90E7-03A7-4666-A123-63ED70E8E3B2}.Release|Any CPU.Build.0 = Release|Any CPU
		{833DFFF5-B310-4D87-86A0-C59BCA00931B}.Debug|Any CPU.ActiveCfg = Debug|Any CPU
		{833DFFF5-B310-4D87-86A0-C59BCA00931B}.Debug|Any CPU.Build.0 = Debug|Any CPU
		{833DFFF5-B310-4D87-86A0-C59BCA00931B}.Release|Any CPU.ActiveCfg = Release|Any CPU
		{833DFFF5-B310-4D87-86A0-C59BCA00931B}.Release|Any CPU.Build.0 = Release|Any CPU
		{0726E2CF-2234-4A9F-82EE-5BFC69B177EA}.Debug|Any CPU.ActiveCfg = Debug|Any CPU
		{0726E2CF-2234-4A9F-82EE-5BFC69B177EA}.Debug|Any CPU.Build.0 = Debug|Any CPU
		{0726E2CF-2234-4A9F-82EE-5BFC69B177EA}.Release|Any CPU.ActiveCfg = Release|Any CPU
		{0726E2CF-2234-4A9F-82EE-5BFC69B177EA}.Release|Any CPU.Build.0 = Release|Any CPU
		{D114F66C-5DF5-4825-8F8E-BB9E45361A6B}.Debug|Any CPU.ActiveCfg = Debug|Any CPU
		{D114F66C-5DF5-4825-8F8E-BB9E45361A6B}.Debug|Any CPU.Build.0 = Debug|Any CPU
		{D114F66C-5DF5-4825-8F8E-BB9E45361A6B}.Release|Any CPU.ActiveCfg = Release|Any CPU
		{D114F66C-5DF5-4825-8F8E-BB9E45361A6B}.Release|Any CPU.Build.0 = Release|Any CPU
		{E6B52647-F3DD-46BC-82E5-323673B970F7}.Debug|Any CPU.ActiveCfg = Debug|Any CPU
		{E6B52647-F3DD-46BC-82E5-323673B970F7}.Debug|Any CPU.Build.0 = Debug|Any CPU
		{E6B52647-F3DD-46BC-82E5-323673B970F7}.Release|Any CPU.ActiveCfg = Release|Any CPU
		{E6B52647-F3DD-46BC-82E5-323673B970F7}.Release|Any CPU.Build.0 = Release|Any CPU
		{8DE6688F-095E-41DB-BC11-0F9CFB84A6E7}.Debug|Any CPU.ActiveCfg = Debug|Any CPU
		{8DE6688F-095E-41DB-BC11-0F9CFB84A6E7}.Debug|Any CPU.Build.0 = Debug|Any CPU
		{8DE6688F-095E-41DB-BC11-0F9CFB84A6E7}.Release|Any CPU.ActiveCfg = Release|Any CPU
		{8DE6688F-095E-41DB-BC11-0F9CFB84A6E7}.Release|Any CPU.Build.0 = Release|Any CPU
	EndGlobalSection
	GlobalSection(SolutionProperties) = preSolution
		HideSolutionNode = FALSE
	EndGlobalSection
	GlobalSection(NestedProjects) = preSolution
		{A38C05EB-A3DB-0D9F-EBBA-C3D957118F0B} = {02EA681E-C7D8-13C7-8484-4AC65E1B71E8}
		{7642C070-9616-60B5-01C9-3BCD86C49C5B} = {51F6A151-AB05-46E1-A96A-F8CC9990938E}
		{60A4055B-1A12-4DCE-ABA5-DC906A3C5BDC} = {1237A950-FBBB-4DF8-94C1-BBE0676CF2D1}
		{03BC90E7-03A7-4666-A123-63ED70E8E3B2} = {02EA681E-C7D8-13C7-8484-4AC65E1B71E8}
		{833DFFF5-B310-4D87-86A0-C59BCA00931B} = {02EA681E-C7D8-13C7-8484-4AC65E1B71E8}
		{0726E2CF-2234-4A9F-82EE-5BFC69B177EA} = {02EA681E-C7D8-13C7-8484-4AC65E1B71E8}
		{D114F66C-5DF5-4825-8F8E-BB9E45361A6B} = {B22AB987-E2A7-44BE-BE7D-BE0E82929EBE}
		{E6B52647-F3DD-46BC-82E5-323673B970F7} = {B22AB987-E2A7-44BE-BE7D-BE0E82929EBE}
		{8DE6688F-095E-41DB-BC11-0F9CFB84A6E7} = {B22AB987-E2A7-44BE-BE7D-BE0E82929EBE}
	EndGlobalSection
	GlobalSection(ExtensibilityGlobals) = postSolution
		SolutionGuid = {DA86FBD5-226F-42D9-85C0-40F12AC2F1FC}
	EndGlobalSection
EndGlobal
